<?xml version="1.0" encoding="utf-8"?>
<Project ToolsVersion="4.0" xmlns="http://schemas.microsoft.com/developer/msbuild/2003">
  <ItemGroup>
    <Filter Include="MreshEngine">
      <UniqueIdentifier>{1A9549DA-864A-C2CF-0F3F-BCA67BF3B8D3}</UniqueIdentifier>
    </Filter>
    <Filter Include="MreshEngine\Events">
      <UniqueIdentifier>{BE3F3569-AA23-F6BE-1384-F011FF86E040}</UniqueIdentifier>
    </Filter>
    <Filter Include="Platform">
      <UniqueIdentifier>{2AC788B4-1694-E3BF-3FAD-D1672BD9184E}</UniqueIdentifier>
    </Filter>
  </ItemGroup>
  <ItemGroup>
    <ClInclude Include="src\MreshEngine.h" />
    <ClInclude Include="src\MreshEngine\Application.h">
      <Filter>MreshEngine</Filter>
    </ClInclude>
    <ClInclude Include="src\MreshEngine\Core.h">
      <Filter>MreshEngine</Filter>
    </ClInclude>
    <ClInclude Include="src\MreshEngine\EntryPoint.h">
      <Filter>MreshEngine</Filter>
    </ClInclude>
    <ClInclude Include="src\MreshEngine\Events\ApplicationEvent.h">
      <Filter>MreshEngine\Events</Filter>
    </ClInclude>
    <ClInclude Include="src\MreshEngine\Events\Event.h">
      <Filter>MreshEngine\Events</Filter>
    </ClInclude>
    <ClInclude Include="src\MreshEngine\Events\KeyEvent.h">
      <Filter>MreshEngine\Events</Filter>
    </ClInclude>
    <ClInclude Include="src\MreshEngine\Events\MouseEvent.h">
      <Filter>MreshEngine\Events</Filter>
    </ClInclude>
    <ClInclude Include="src\MreshEngine\Layer.h">
      <Filter>MreshEngine</Filter>
    </ClInclude>
    <ClInclude Include="src\MreshEngine\LayerStack.h">
      <Filter>MreshEngine</Filter>
    </ClInclude>
    <ClInclude Include="src\MreshEngine\Log.h">
      <Filter>MreshEngine</Filter>
    </ClInclude>
    <ClInclude Include="src\MreshEngine\Window.h">
      <Filter>MreshEngine</Filter>
    </ClInclude>
    <ClInclude Include="src\Platform\WindowsWindow.h">
      <Filter>Platform</Filter>
    </ClInclude>
    <ClInclude Include="src\mepch.h" />
  </ItemGroup>
  <ItemGroup>
    <ClCompile Include="src\MreshEngine\Application.cpp">
      <Filter>MreshEngine</Filter>
    </ClCompile>
    <ClCompile Include="src\MreshEngine\Layer.cpp">
      <Filter>MreshEngine</Filter>
    </ClCompile>
    <ClCompile Include="src\MreshEngine\LayerStack.cpp">
      <Filter>MreshEngine</Filter>
    </ClCompile>
    <ClCompile Include="src\MreshEngine\Log.cpp">
      <Filter>MreshEngine</Filter>
    </ClCompile>
    <ClCompile Include="src\Platform\WindowsWindow.cpp">
      <Filter>Platform</Filter>
    </ClCompile>
    <ClCompile Include="src\mepch.cpp" />
  </ItemGroup>
</Project>