<?xml version="1.0" encoding="utf-8"?>
<Project ToolsVersion="4.0" xmlns="http://schemas.microsoft.com/developer/msbuild/2003">
  <ItemGroup>
    <Filter Include="MreshEngine">
      <UniqueIdentifier>{1A9549DA-864A-C2CF-0F3F-BCA67BF3B8D3}</UniqueIdentifier>
    </Filter>
  </ItemGroup>
  <ItemGroup>
    <ClInclude Include="src\MreshEngine.h" />
    <ClInclude Include="src\MreshEngine\Application.h">
      <Filter>MreshEngine</Filter>
    </ClInclude>
    <ClInclude Include="src\MreshEngine\Core.h">
      <Filter>MreshEngine</Filter>
    </ClInclude>
    <ClInclude Include="src\MreshEngine\EntryPoint.h">
      <Filter>MreshEngine</Filter>
    </ClInclude>
    <ClInclude Include="src\MreshEngine\Log.h">
      <Filter>MreshEngine</Filter>
    </ClInclude>
  </ItemGroup>
  <ItemGroup>
    <ClCompile Include="src\MreshEngine\Application.cpp">
      <Filter>MreshEngine</Filter>
    </ClCompile>
    <ClCompile Include="src\MreshEngine\Log.cpp">
      <Filter>MreshEngine</Filter>
    </ClCompile>
  </ItemGroup>
</Project>